
Microsoft Visual Studio Solution File, Format Version 12.00
# Visual Studio Version 17
VisualStudioVersion = 17.4.33403.182
MinimumVisualStudioVersion = 10.0.40219.1
Project("{9A19103F-16F7-4668-BE54-9A1E7A4F7556}") = "PuntoVitaExams.API", "PuntoVitaExams.API\PuntoVitaExams.API.csproj", "{2B4BE5AE-4E4C-40A5-A54E-DAEF4E24B347}"
EndProject
Project("{54A90642-561A-4BB1-A94E-469ADEE60C69}") = "PuntoVitaExams", "PuntoVitaExams\PuntoVitaExams.esproj", "{EEEA504C-AB83-45E0-84E2-5ED0F1FF6BC9}"
EndProject
Global
	GlobalSection(SolutionConfigurationPlatforms) = preSolution
		Debug|Any CPU = Debug|Any CPU
		Release|Any CPU = Release|Any CPU
	EndGlobalSection
	GlobalSection(ProjectConfigurationPlatforms) = postSolution
		{2B4BE5AE-4E4C-40A5-A54E-DAEF4E24B347}.Debug|Any CPU.ActiveCfg = Debug|Any CPU
		{2B4BE5AE-4E4C-40A5-A54E-DAEF4E24B347}.Debug|Any CPU.Build.0 = Debug|Any CPU
		{2B4BE5AE-4E4C-40A5-A54E-DAEF4E24B347}.Release|Any CPU.ActiveCfg = Release|Any CPU
		{2B4BE5AE-4E4C-40A5-A54E-DAEF4E24B347}.Release|Any CPU.Build.0 = Release|Any CPU
		{EEEA504C-AB83-45E0-84E2-5ED0F1FF6BC9}.Debug|Any CPU.ActiveCfg = Debug|Any CPU
		{EEEA504C-AB83-45E0-84E2-5ED0F1FF6BC9}.Debug|Any CPU.Build.0 = Debug|Any CPU
		{EEEA504C-AB83-45E0-84E2-5ED0F1FF6BC9}.Debug|Any CPU.Deploy.0 = Debug|Any CPU
		{EEEA504C-AB83-45E0-84E2-5ED0F1FF6BC9}.Release|Any CPU.ActiveCfg = Release|Any CPU
		{EEEA504C-AB83-45E0-84E2-5ED0F1FF6BC9}.Release|Any CPU.Build.0 = Release|Any CPU
		{EEEA504C-AB83-45E0-84E2-5ED0F1FF6BC9}.Release|Any CPU.Deploy.0 = Release|Any CPU
	EndGlobalSection
	GlobalSection(SolutionProperties) = preSolution
		HideSolutionNode = FALSE
	EndGlobalSection
	GlobalSection(ExtensibilityGlobals) = postSolution
		SolutionGuid = {792F7B7D-50FC-496E-996E-0CAD8C858F3B}
	EndGlobalSection
EndGlobal
